
Microsoft Visual Studio Solution File, Format Version 12.00
# Visual Studio Version 17
VisualStudioVersion = 17.1.32319.34
MinimumVisualStudioVersion = 10.0.40219.1
Project("{9A19103F-16F7-4668-BE54-9A1E7A4F7556}") = "Desktop", "Desktop\Desktop.csproj", "{967005F5-37C0-4400-85E4-4D8033FE89B6}"
EndProject
Project("{9A19103F-16F7-4668-BE54-9A1E7A4F7556}") = "Shared", "lib\Shared\Shared.csproj", "{5C9B9746-D2A9-40A1-9204-8BC16D756C9B}"
EndProject
Project("{FAE04EC0-301F-11D3-BF4B-00C04F79EFBC}") = "Controls", "lib\Controls\Controls.csproj", "{5AADE5C8-4D3A-4445-BDE8-623DC5569831}"
EndProject
Global
	GlobalSection(SolutionConfigurationPlatforms) = preSolution
		Debug|Any CPU = Debug|Any CPU
		Release|Any CPU = Release|Any CPU
	EndGlobalSection
	GlobalSection(ProjectConfigurationPlatforms) = postSolution
		{967005F5-37C0-4400-85E4-4D8033FE89B6}.Debug|Any CPU.ActiveCfg = Debug|Any CPU
		{967005F5-37C0-4400-85E4-4D8033FE89B6}.Debug|Any CPU.Build.0 = Debug|Any CPU
		{967005F5-37C0-4400-85E4-4D8033FE89B6}.Release|Any CPU.ActiveCfg = Release|Any CPU
		{967005F5-37C0-4400-85E4-4D8033FE89B6}.Release|Any CPU.Build.0 = Release|Any CPU
		{5C9B9746-D2A9-40A1-9204-8BC16D756C9B}.Debug|Any CPU.ActiveCfg = Debug|Any CPU
		{5C9B9746-D2A9-40A1-9204-8BC16D756C9B}.Debug|Any CPU.Build.0 = Debug|Any CPU
		{5C9B9746-D2A9-40A1-9204-8BC16D756C9B}.Release|Any CPU.ActiveCfg = Release|Any CPU
		{5C9B9746-D2A9-40A1-9204-8BC16D756C9B}.Release|Any CPU.Build.0 = Release|Any CPU
		{5AADE5C8-4D3A-4445-BDE8-623DC5569831}.Debug|Any CPU.ActiveCfg = Debug|Any CPU
		{5AADE5C8-4D3A-4445-BDE8-623DC5569831}.Debug|Any CPU.Build.0 = Debug|Any CPU
		{5AADE5C8-4D3A-4445-BDE8-623DC5569831}.Release|Any CPU.ActiveCfg = Release|Any CPU
		{5AADE5C8-4D3A-4445-BDE8-623DC5569831}.Release|Any CPU.Build.0 = Release|Any CPU
	EndGlobalSection
	GlobalSection(SolutionProperties) = preSolution
		HideSolutionNode = FALSE
	EndGlobalSection
	GlobalSection(ExtensibilityGlobals) = postSolution
		SolutionGuid = {780C00EA-D939-42AA-A20A-500AF5CD1E50}
	EndGlobalSection
EndGlobal
